
Microsoft Visual Studio Solution File, Format Version 12.00
# Visual Studio Version 17
VisualStudioVersion = 17.6.33829.357
MinimumVisualStudioVersion = 10.0.40219.1
Project("{FAE04EC0-301F-11D3-BF4B-00C04F79EFBC}") = "Tydzien4Lekcja11ZD", "Tydzien4Lekcja11ZD\Tydzien4Lekcja11ZD.csproj", "{E51FEBC3-7B5F-4381-AB33-7C88927D6917}"
EndProject
Global
	GlobalSection(SolutionConfigurationPlatforms) = preSolution
		Debug|Any CPU = Debug|Any CPU
		Release|Any CPU = Release|Any CPU
	EndGlobalSection
	GlobalSection(ProjectConfigurationPlatforms) = postSolution
		{E51FEBC3-7B5F-4381-AB33-7C88927D6917}.Debug|Any CPU.ActiveCfg = Debug|Any CPU
		{E51FEBC3-7B5F-4381-AB33-7C88927D6917}.Debug|Any CPU.Build.0 = Debug|Any CPU
		{E51FEBC3-7B5F-4381-AB33-7C88927D6917}.Release|Any CPU.ActiveCfg = Release|Any CPU
		{E51FEBC3-7B5F-4381-AB33-7C88927D6917}.Release|Any CPU.Build.0 = Release|Any CPU
	EndGlobalSection
	GlobalSection(SolutionProperties) = preSolution
		HideSolutionNode = FALSE
	EndGlobalSection
	GlobalSection(ExtensibilityGlobals) = postSolution
		SolutionGuid = {7D06C526-FB75-456F-9521-9552A8B6793D}
	EndGlobalSection
EndGlobal
